
Microsoft Visual Studio Solution File, Format Version 12.00
# Visual Studio 15
Project("{FAE04EC0-301F-11D3-BF4B-00C04F79EFBC}") = "Unity.Timeline", "Unity.Timeline.csproj", "{31ACF3FA-DDCE-5F50-454E-507D5450AE4D}"
EndProject
Project("{FAE04EC0-301F-11D3-BF4B-00C04F79EFBC}") = "Unity.2D.Animation.Editor", "Unity.2D.Animation.Editor.csproj", "{F3F6A185-142F-05DC-16F6-59114E164DEF}"
EndProject
Project("{FAE04EC0-301F-11D3-BF4B-00C04F79EFBC}") = "Unity.Timeline.Editor", "Unity.Timeline.Editor.csproj", "{7888107C-F021-6518-9A6C-713ADEA19BD8}"
EndProject
Project("{FAE04EC0-301F-11D3-BF4B-00C04F79EFBC}") = "Unity.2D.Tilemap.Editor", "Unity.2D.Tilemap.Editor.csproj", "{4B8781AC-2483-D7CC-682B-B664DE8F5B6E}"
EndProject
Project("{FAE04EC0-301F-11D3-BF4B-00C04F79EFBC}") = "Unity.TextMeshPro.Editor", "Unity.TextMeshPro.Editor.csproj", "{1C484129-F6F5-E606-EE2A-8FD074B695DE}"
EndProject
Project("{FAE04EC0-301F-11D3-BF4B-00C04F79EFBC}") = "Unity.Burst", "Unity.Burst.csproj", "{653AB764-D6DF-EE5B-81DA-9029E929A5FC}"
EndProject
Project("{FAE04EC0-301F-11D3-BF4B-00C04F79EFBC}") = "Unity.PlasticSCM.Editor", "Unity.PlasticSCM.Editor.csproj", "{B03D8AA2-1D23-FB33-2EA5-D1834F180F29}"
EndProject
Project("{FAE04EC0-301F-11D3-BF4B-00C04F79EFBC}") = "UnityEditor.UI", "UnityEditor.UI.csproj", "{89FBDA5B-C35F-CC93-C80C-0E6E488DF077}"
EndProject
Project("{FAE04EC0-301F-11D3-BF4B-00C04F79EFBC}") = "Unity.2D.Psdimporter.Editor", "Unity.2D.Psdimporter.Editor.csproj", "{B3937C4A-7761-CAAE-4BDD-90E03B705F32}"
EndProject
Project("{FAE04EC0-301F-11D3-BF4B-00C04F79EFBC}") = "Unity.2D.Sprite.Editor", "Unity.2D.Sprite.Editor.csproj", "{F28C186B-D0BE-869A-1700-E708D7CE83D0}"
EndProject
Project("{FAE04EC0-301F-11D3-BF4B-00C04F79EFBC}") = "Unity.Mathematics", "Unity.Mathematics.csproj", "{CF27B02C-BBA2-BA30-4C67-BCF7829F984D}"
EndProject
Project("{FAE04EC0-301F-11D3-BF4B-00C04F79EFBC}") = "Unity.2D.PixelPerfect.Editor", "Unity.2D.PixelPerfect.Editor.csproj", "{B6027D2A-5BA3-538A-5E48-AD8DEE4D39B4}"
EndProject
Project("{FAE04EC0-301F-11D3-BF4B-00C04F79EFBC}") = "Unity.2D.Common.Path.Editor", "Unity.2D.Common.Path.Editor.csproj", "{C844469B-DE06-82E6-6C1C-A06EE0210914}"
EndProject
Project("{FAE04EC0-301F-11D3-BF4B-00C04F79EFBC}") = "Unity.2D.IK.Runtime", "Unity.2D.IK.Runtime.csproj", "{4FBD7338-D75E-63E4-2E8C-00380D9938D0}"
EndProject
Project("{FAE04EC0-301F-11D3-BF4B-00C04F79EFBC}") = "UnityEditor.TestRunner", "UnityEditor.TestRunner.csproj", "{D7BB3E17-56A2-2D35-D133-75B0EE5D5249}"
EndProject
Project("{FAE04EC0-301F-11D3-BF4B-00C04F79EFBC}") = "PsdPlugin", "PsdPlugin.csproj", "{580F558E-6404-DFDE-CC4F-527FB9661D73}"
EndProject
Project("{FAE04EC0-301F-11D3-BF4B-00C04F79EFBC}") = "UnityEngine.TestRunner", "UnityEngine.TestRunner.csproj", "{5B111E56-1ACB-24FA-01A6-E289FF711FD6}"
EndProject
Project("{FAE04EC0-301F-11D3-BF4B-00C04F79EFBC}") = "Assembly-CSharp", "Assembly-CSharp.csproj", "{EA47E003-CBD8-2810-286C-CCA98E89E756}"
EndProject
Project("{FAE04EC0-301F-11D3-BF4B-00C04F79EFBC}") = "UnityEngine.UI", "UnityEngine.UI.csproj", "{B093ABC3-A24D-4550-9B23-D21FBBFE087A}"
EndProject
Project("{FAE04EC0-301F-11D3-BF4B-00C04F79EFBC}") = "Unity.2D.IK.Editor", "Unity.2D.IK.Editor.csproj", "{3A4763D0-9B8A-6F19-361D-D322AE110617}"
EndProject
Project("{FAE04EC0-301F-11D3-BF4B-00C04F79EFBC}") = "Unity.Rider.Editor", "Unity.Rider.Editor.csproj", "{2139DB4C-8AC9-9EFE-8B58-CDFDC57F9E0B}"
EndProject
Project("{FAE04EC0-301F-11D3-BF4B-00C04F79EFBC}") = "Unity.Collections", "Unity.Collections.csproj", "{C4805320-AFBA-07E4-0C02-8FE9D1712995}"
EndProject
Project("{FAE04EC0-301F-11D3-BF4B-00C04F79EFBC}") = "Unity.TextMeshPro", "Unity.TextMeshPro.csproj", "{AE37933F-0663-06B7-CDF2-1ADB7A84ECA1}"
EndProject
Project("{FAE04EC0-301F-11D3-BF4B-00C04F79EFBC}") = "Unity.AI.Navigation.Editor", "Unity.AI.Navigation.Editor.csproj", "{28730BC1-EB79-05BD-6E63-C69E9D5F4359}"
EndProject
Project("{FAE04EC0-301F-11D3-BF4B-00C04F79EFBC}") = "Unity.VisualStudio.Editor", "Unity.VisualStudio.Editor.csproj", "{5CEDCB0D-03E3-3670-5CD7-76AA6D4435CE}"
EndProject
Project("{FAE04EC0-301F-11D3-BF4B-00C04F79EFBC}") = "Unity.2D.SpriteShape.Editor", "Unity.2D.SpriteShape.Editor.csproj", "{16D2F07D-DE14-3DC6-DE32-60C48B5D56A3}"
EndProject
Project("{FAE04EC0-301F-11D3-BF4B-00C04F79EFBC}") = "Unity.2D.PixelPerfect", "Unity.2D.PixelPerfect.csproj", "{8974801F-5CB0-9B45-15E5-51C0963F12C6}"
EndProject
Project("{FAE04EC0-301F-11D3-BF4B-00C04F79EFBC}") = "Unity.InternalAPIEditorBridge.001", "Unity.InternalAPIEditorBridge.001.csproj", "{CA66024B-2F2B-3238-E03C-160057DE7C56}"
EndProject
Project("{FAE04EC0-301F-11D3-BF4B-00C04F79EFBC}") = "Unity.2D.SpriteShape.Runtime", "Unity.2D.SpriteShape.Runtime.csproj", "{59722099-CD2C-E2D6-B7EF-BC86D90EF745}"
EndProject
Project("{FAE04EC0-301F-11D3-BF4B-00C04F79EFBC}") = "Unity.AI.Navigation", "Unity.AI.Navigation.csproj", "{B2057AA2-041A-51CD-9A5A-9B15C80821B4}"
EndProject
Project("{FAE04EC0-301F-11D3-BF4B-00C04F79EFBC}") = "Unity.2D.Animation.Runtime", "Unity.2D.Animation.Runtime.csproj", "{25C8CA22-A67A-9F3B-768B-3658107A4776}"
EndProject
Project("{FAE04EC0-301F-11D3-BF4B-00C04F79EFBC}") = "Unity.AI.Navigation.Editor.ConversionSystem", "Unity.AI.Navigation.Editor.ConversionSystem.csproj", "{326AA2EB-0428-A251-0259-9A44AD50C6FA}"
EndProject
Project("{FAE04EC0-301F-11D3-BF4B-00C04F79EFBC}") = "Unity.Burst.CodeGen", "Unity.Burst.CodeGen.csproj", "{7EAD40D1-A0D6-F9B9-9807-56FCEE1EF581}"
EndProject
Project("{FAE04EC0-301F-11D3-BF4B-00C04F79EFBC}") = "Unity.Burst.Editor", "Unity.Burst.Editor.csproj", "{C44056C5-A3CE-D9B1-FC4D-20239A68F36C}"
EndProject
Project("{FAE04EC0-301F-11D3-BF4B-00C04F79EFBC}") = "Unity.Collections.BurstCompatibilityGen", "Unity.Collections.BurstCompatibilityGen.csproj", "{37AFB40C-BD91-2050-4895-1F6BDC7B0717}"
EndProject
Project("{FAE04EC0-301F-11D3-BF4B-00C04F79EFBC}") = "Unity.VSCode.Editor", "Unity.VSCode.Editor.csproj", "{6568BE0F-AEC6-8A9E-2473-1BEADC631B19}"
EndProject
Project("{FAE04EC0-301F-11D3-BF4B-00C04F79EFBC}") = "Unity.2D.Common.Editor", "Unity.2D.Common.Editor.csproj", "{04B057B6-774B-BD90-E1BE-18CFCB1309AA}"
EndProject
Project("{FAE04EC0-301F-11D3-BF4B-00C04F79EFBC}") = "Unity.InternalAPIEngineBridge.001", "Unity.InternalAPIEngineBridge.001.csproj", "{E5991F35-5BD7-890B-CC70-F74922DA6681}"
EndProject
Project("{FAE04EC0-301F-11D3-BF4B-00C04F79EFBC}") = "Unity.AI.Navigation.Updater", "Unity.AI.Navigation.Updater.csproj", "{7A34FEAD-A466-F09B-EB73-F1291ABA9B4C}"
EndProject
Project("{FAE04EC0-301F-11D3-BF4B-00C04F79EFBC}") = "Unity.2D.Common.Runtime", "Unity.2D.Common.Runtime.csproj", "{D82D4FA7-DA98-02B7-2516-DE6631ED5898}"
EndProject
Project("{FAE04EC0-301F-11D3-BF4B-00C04F79EFBC}") = "Unity.Collections.DocCodeSamples", "Unity.Collections.DocCodeSamples.csproj", "{AE420C11-863B-B724-F1CB-74A2F988490B}"
EndProject
Project("{FAE04EC0-301F-11D3-BF4B-00C04F79EFBC}") = "Unity.CollabProxy.Editor", "Unity.CollabProxy.Editor.csproj", "{64A755B4-8098-6C38-D3BB-7FBFF501F37A}"
EndProject
Project("{FAE04EC0-301F-11D3-BF4B-00C04F79EFBC}") = "Unity.Mathematics.Editor", "Unity.Mathematics.Editor.csproj", "{6883D683-9C6A-5739-6D1A-4B915D6BFD0F}"
EndProject
Project("{FAE04EC0-301F-11D3-BF4B-00C04F79EFBC}") = "Unity.Timeline", "Unity.Timeline.Player.csproj", "{F514780E-81C3-06BF-BB2B-03AD3590BC15}"
EndProject
Project("{FAE04EC0-301F-11D3-BF4B-00C04F79EFBC}") = "Unity.Burst", "Unity.Burst.Player.csproj", "{57280E51-630B-6E08-543F-543392BBA5E2}"
EndProject
Project("{FAE04EC0-301F-11D3-BF4B-00C04F79EFBC}") = "Unity.Mathematics", "Unity.Mathematics.Player.csproj", "{9E77F8A5-E96D-4992-654D-B68558BC7631}"
EndProject
Project("{FAE04EC0-301F-11D3-BF4B-00C04F79EFBC}") = "Unity.2D.IK.Runtime", "Unity.2D.IK.Runtime.Player.csproj", "{40582BCB-58BE-F002-9C54-256FAB5795C8}"
EndProject
Project("{FAE04EC0-301F-11D3-BF4B-00C04F79EFBC}") = "UnityEngine.TestRunner", "UnityEngine.TestRunner.Player.csproj", "{C6E8FA85-078F-C066-D435-D3D347C52F9B}"
EndProject
Project("{FAE04EC0-301F-11D3-BF4B-00C04F79EFBC}") = "Assembly-CSharp", "Assembly-CSharp.Player.csproj", "{F9970E50-3327-1DBE-957F-FB09AADCE0EC}"
EndProject
Project("{FAE04EC0-301F-11D3-BF4B-00C04F79EFBC}") = "UnityEngine.UI", "UnityEngine.UI.Player.csproj", "{E767F02B-390E-C24A-24EF-2731F83A87FA}"
EndProject
Project("{FAE04EC0-301F-11D3-BF4B-00C04F79EFBC}") = "Unity.Collections", "Unity.Collections.Player.csproj", "{349CD00E-9FB5-4630-F1E9-DA7059C3DF94}"
EndProject
Project("{FAE04EC0-301F-11D3-BF4B-00C04F79EFBC}") = "Unity.TextMeshPro", "Unity.TextMeshPro.Player.csproj", "{790DA643-63A7-0C1E-4ED1-3BCEB9FC5940}"
EndProject
Project("{FAE04EC0-301F-11D3-BF4B-00C04F79EFBC}") = "Unity.2D.PixelPerfect", "Unity.2D.PixelPerfect.Player.csproj", "{721FA9C5-2E93-26C1-A811-CF57146C264D}"
EndProject
Project("{FAE04EC0-301F-11D3-BF4B-00C04F79EFBC}") = "Unity.2D.SpriteShape.Runtime", "Unity.2D.SpriteShape.Runtime.Player.csproj", "{34A5050F-63A0-CACB-E193-76E40341EC1C}"
EndProject
Project("{FAE04EC0-301F-11D3-BF4B-00C04F79EFBC}") = "Unity.AI.Navigation", "Unity.AI.Navigation.Player.csproj", "{6C509625-FE59-8C7E-1311-9344E15D8CFC}"
EndProject
Project("{FAE04EC0-301F-11D3-BF4B-00C04F79EFBC}") = "Unity.2D.Animation.Runtime", "Unity.2D.Animation.Runtime.Player.csproj", "{95D77947-8149-D0D7-487A-9EA248ED89D2}"
EndProject
Project("{FAE04EC0-301F-11D3-BF4B-00C04F79EFBC}") = "Unity.InternalAPIEngineBridge.001", "Unity.InternalAPIEngineBridge.001.Player.csproj", "{0D1E4A73-C7D2-A810-D6F4-D60BB9DD9C15}"
EndProject
Project("{FAE04EC0-301F-11D3-BF4B-00C04F79EFBC}") = "Unity.2D.Common.Runtime", "Unity.2D.Common.Runtime.Player.csproj", "{3DEC8C62-81BC-3CC7-65B7-93740DB01B8F}"
EndProject
Global
	GlobalSection(SolutionConfigurationPlatforms) = preSolution
		Debug|Any CPU = Debug|Any CPU
		Release|Any CPU = Release|Any CPU
	EndGlobalSection
	GlobalSection(ProjectConfigurationPlatforms) = postSolution
		{31ACF3FA-DDCE-5F50-454E-507D5450AE4D}.Debug|Any CPU.ActiveCfg = Debug|Any CPU
		{31ACF3FA-DDCE-5F50-454E-507D5450AE4D}.Debug|Any CPU.Build.0 = Debug|Any CPU
		{31ACF3FA-DDCE-5F50-454E-507D5450AE4D}.Release|Any CPU.ActiveCfg = Release|Any CPU
		{31ACF3FA-DDCE-5F50-454E-507D5450AE4D}.Release|Any CPU.Build.0 = Release|Any CPU
		{F3F6A185-142F-05DC-16F6-59114E164DEF}.Debug|Any CPU.ActiveCfg = Debug|Any CPU
		{F3F6A185-142F-05DC-16F6-59114E164DEF}.Debug|Any CPU.Build.0 = Debug|Any CPU
		{F3F6A185-142F-05DC-16F6-59114E164DEF}.Release|Any CPU.ActiveCfg = Release|Any CPU
		{F3F6A185-142F-05DC-16F6-59114E164DEF}.Release|Any CPU.Build.0 = Release|Any CPU
		{7888107C-F021-6518-9A6C-713ADEA19BD8}.Debug|Any CPU.ActiveCfg = Debug|Any CPU
		{7888107C-F021-6518-9A6C-713ADEA19BD8}.Debug|Any CPU.Build.0 = Debug|Any CPU
		{7888107C-F021-6518-9A6C-713ADEA19BD8}.Release|Any CPU.ActiveCfg = Release|Any CPU
		{7888107C-F021-6518-9A6C-713ADEA19BD8}.Release|Any CPU.Build.0 = Release|Any CPU
		{4B8781AC-2483-D7CC-682B-B664DE8F5B6E}.Debug|Any CPU.ActiveCfg = Debug|Any CPU
		{4B8781AC-2483-D7CC-682B-B664DE8F5B6E}.Debug|Any CPU.Build.0 = Debug|Any CPU
		{4B8781AC-2483-D7CC-682B-B664DE8F5B6E}.Release|Any CPU.ActiveCfg = Release|Any CPU
		{4B8781AC-2483-D7CC-682B-B664DE8F5B6E}.Release|Any CPU.Build.0 = Release|Any CPU
		{1C484129-F6F5-E606-EE2A-8FD074B695DE}.Debug|Any CPU.ActiveCfg = Debug|Any CPU
		{1C484129-F6F5-E606-EE2A-8FD074B695DE}.Debug|Any CPU.Build.0 = Debug|Any CPU
		{1C484129-F6F5-E606-EE2A-8FD074B695DE}.Release|Any CPU.ActiveCfg = Release|Any CPU
		{1C484129-F6F5-E606-EE2A-8FD074B695DE}.Release|Any CPU.Build.0 = Release|Any CPU
		{653AB764-D6DF-EE5B-81DA-9029E929A5FC}.Debug|Any CPU.ActiveCfg = Debug|Any CPU
		{653AB764-D6DF-EE5B-81DA-9029E929A5FC}.Debug|Any CPU.Build.0 = Debug|Any CPU
		{653AB764-D6DF-EE5B-81DA-9029E929A5FC}.Release|Any CPU.ActiveCfg = Release|Any CPU
		{653AB764-D6DF-EE5B-81DA-9029E929A5FC}.Release|Any CPU.Build.0 = Release|Any CPU
		{B03D8AA2-1D23-FB33-2EA5-D1834F180F29}.Debug|Any CPU.ActiveCfg = Debug|Any CPU
		{B03D8AA2-1D23-FB33-2EA5-D1834F180F29}.Debug|Any CPU.Build.0 = Debug|Any CPU
		{B03D8AA2-1D23-FB33-2EA5-D1834F180F29}.Release|Any CPU.ActiveCfg = Release|Any CPU
		{B03D8AA2-1D23-FB33-2EA5-D1834F180F29}.Release|Any CPU.Build.0 = Release|Any CPU
		{89FBDA5B-C35F-CC93-C80C-0E6E488DF077}.Debug|Any CPU.ActiveCfg = Debug|Any CPU
		{89FBDA5B-C35F-CC93-C80C-0E6E488DF077}.Debug|Any CPU.Build.0 = Debug|Any CPU
		{89FBDA5B-C35F-CC93-C80C-0E6E488DF077}.Release|Any CPU.ActiveCfg = Release|Any CPU
		{89FBDA5B-C35F-CC93-C80C-0E6E488DF077}.Release|Any CPU.Build.0 = Release|Any CPU
		{B3937C4A-7761-CAAE-4BDD-90E03B705F32}.Debug|Any CPU.ActiveCfg = Debug|Any CPU
		{B3937C4A-7761-CAAE-4BDD-90E03B705F32}.Debug|Any CPU.Build.0 = Debug|Any CPU
		{B3937C4A-7761-CAAE-4BDD-90E03B705F32}.Release|Any CPU.ActiveCfg = Release|Any CPU
		{B3937C4A-7761-CAAE-4BDD-90E03B705F32}.Release|Any CPU.Build.0 = Release|Any CPU
		{F28C186B-D0BE-869A-1700-E708D7CE83D0}.Debug|Any CPU.ActiveCfg = Debug|Any CPU
		{F28C186B-D0BE-869A-1700-E708D7CE83D0}.Debug|Any CPU.Build.0 = Debug|Any CPU
		{F28C186B-D0BE-869A-1700-E708D7CE83D0}.Release|Any CPU.ActiveCfg = Release|Any CPU
		{F28C186B-D0BE-869A-1700-E708D7CE83D0}.Release|Any CPU.Build.0 = Release|Any CPU
		{CF27B02C-BBA2-BA30-4C67-BCF7829F984D}.Debug|Any CPU.ActiveCfg = Debug|Any CPU
		{CF27B02C-BBA2-BA30-4C67-BCF7829F984D}.Debug|Any CPU.Build.0 = Debug|Any CPU
		{CF27B02C-BBA2-BA30-4C67-BCF7829F984D}.Release|Any CPU.ActiveCfg = Release|Any CPU
		{CF27B02C-BBA2-BA30-4C67-BCF7829F984D}.Release|Any CPU.Build.0 = Release|Any CPU
		{B6027D2A-5BA3-538A-5E48-AD8DEE4D39B4}.Debug|Any CPU.ActiveCfg = Debug|Any CPU
		{B6027D2A-5BA3-538A-5E48-AD8DEE4D39B4}.Debug|Any CPU.Build.0 = Debug|Any CPU
		{B6027D2A-5BA3-538A-5E48-AD8DEE4D39B4}.Release|Any CPU.ActiveCfg = Release|Any CPU
		{B6027D2A-5BA3-538A-5E48-AD8DEE4D39B4}.Release|Any CPU.Build.0 = Release|Any CPU
		{C844469B-DE06-82E6-6C1C-A06EE0210914}.Debug|Any CPU.ActiveCfg = Debug|Any CPU
		{C844469B-DE06-82E6-6C1C-A06EE0210914}.Debug|Any CPU.Build.0 = Debug|Any CPU
		{C844469B-DE06-82E6-6C1C-A06EE0210914}.Release|Any CPU.ActiveCfg = Release|Any CPU
		{C844469B-DE06-82E6-6C1C-A06EE0210914}.Release|Any CPU.Build.0 = Release|Any CPU
		{4FBD7338-D75E-63E4-2E8C-00380D9938D0}.Debug|Any CPU.ActiveCfg = Debug|Any CPU
		{4FBD7338-D75E-63E4-2E8C-00380D9938D0}.Debug|Any CPU.Build.0 = Debug|Any CPU
		{4FBD7338-D75E-63E4-2E8C-00380D9938D0}.Release|Any CPU.ActiveCfg = Release|Any CPU
		{4FBD7338-D75E-63E4-2E8C-00380D9938D0}.Release|Any CPU.Build.0 = Release|Any CPU
		{D7BB3E17-56A2-2D35-D133-75B0EE5D5249}.Debug|Any CPU.ActiveCfg = Debug|Any CPU
		{D7BB3E17-56A2-2D35-D133-75B0EE5D5249}.Debug|Any CPU.Build.0 = Debug|Any CPU
		{D7BB3E17-56A2-2D35-D133-75B0EE5D5249}.Release|Any CPU.ActiveCfg = Release|Any CPU
		{D7BB3E17-56A2-2D35-D133-75B0EE5D5249}.Release|Any CPU.Build.0 = Release|Any CPU
		{580F558E-6404-DFDE-CC4F-527FB9661D73}.Debug|Any CPU.ActiveCfg = Debug|Any CPU
		{580F558E-6404-DFDE-CC4F-527FB9661D73}.Debug|Any CPU.Build.0 = Debug|Any CPU
		{580F558E-6404-DFDE-CC4F-527FB9661D73}.Release|Any CPU.ActiveCfg = Release|Any CPU
		{580F558E-6404-DFDE-CC4F-527FB9661D73}.Release|Any CPU.Build.0 = Release|Any CPU
		{5B111E56-1ACB-24FA-01A6-E289FF711FD6}.Debug|Any CPU.ActiveCfg = Debug|Any CPU
		{5B111E56-1ACB-24FA-01A6-E289FF711FD6}.Debug|Any CPU.Build.0 = Debug|Any CPU
		{5B111E56-1ACB-24FA-01A6-E289FF711FD6}.Release|Any CPU.ActiveCfg = Release|Any CPU
		{5B111E56-1ACB-24FA-01A6-E289FF711FD6}.Release|Any CPU.Build.0 = Release|Any CPU
		{EA47E003-CBD8-2810-286C-CCA98E89E756}.Debug|Any CPU.ActiveCfg = Debug|Any CPU
		{EA47E003-CBD8-2810-286C-CCA98E89E756}.Debug|Any CPU.Build.0 = Debug|Any CPU
		{EA47E003-CBD8-2810-286C-CCA98E89E756}.Release|Any CPU.ActiveCfg = Release|Any CPU
		{EA47E003-CBD8-2810-286C-CCA98E89E756}.Release|Any CPU.Build.0 = Release|Any CPU
		{B093ABC3-A24D-4550-9B23-D21FBBFE087A}.Debug|Any CPU.ActiveCfg = Debug|Any CPU
		{B093ABC3-A24D-4550-9B23-D21FBBFE087A}.Debug|Any CPU.Build.0 = Debug|Any CPU
		{B093ABC3-A24D-4550-9B23-D21FBBFE087A}.Release|Any CPU.ActiveCfg = Release|Any CPU
		{B093ABC3-A24D-4550-9B23-D21FBBFE087A}.Release|Any CPU.Build.0 = Release|Any CPU
		{3A4763D0-9B8A-6F19-361D-D322AE110617}.Debug|Any CPU.ActiveCfg = Debug|Any CPU
		{3A4763D0-9B8A-6F19-361D-D322AE110617}.Debug|Any CPU.Build.0 = Debug|Any CPU
		{3A4763D0-9B8A-6F19-361D-D322AE110617}.Release|Any CPU.ActiveCfg = Release|Any CPU
		{3A4763D0-9B8A-6F19-361D-D322AE110617}.Release|Any CPU.Build.0 = Release|Any CPU
		{2139DB4C-8AC9-9EFE-8B58-CDFDC57F9E0B}.Debug|Any CPU.ActiveCfg = Debug|Any CPU
		{2139DB4C-8AC9-9EFE-8B58-CDFDC57F9E0B}.Debug|Any CPU.Build.0 = Debug|Any CPU
		{2139DB4C-8AC9-9EFE-8B58-CDFDC57F9E0B}.Release|Any CPU.ActiveCfg = Release|Any CPU
		{2139DB4C-8AC9-9EFE-8B58-CDFDC57F9E0B}.Release|Any CPU.Build.0 = Release|Any CPU
		{C4805320-AFBA-07E4-0C02-8FE9D1712995}.Debug|Any CPU.ActiveCfg = Debug|Any CPU
		{C4805320-AFBA-07E4-0C02-8FE9D1712995}.Debug|Any CPU.Build.0 = Debug|Any CPU
		{C4805320-AFBA-07E4-0C02-8FE9D1712995}.Release|Any CPU.ActiveCfg = Release|Any CPU
		{C4805320-AFBA-07E4-0C02-8FE9D1712995}.Release|Any CPU.Build.0 = Release|Any CPU
		{AE37933F-0663-06B7-CDF2-1ADB7A84ECA1}.Debug|Any CPU.ActiveCfg = Debug|Any CPU
		{AE37933F-0663-06B7-CDF2-1ADB7A84ECA1}.Debug|Any CPU.Build.0 = Debug|Any CPU
		{AE37933F-0663-06B7-CDF2-1ADB7A84ECA1}.Release|Any CPU.ActiveCfg = Release|Any CPU
		{AE37933F-0663-06B7-CDF2-1ADB7A84ECA1}.Release|Any CPU.Build.0 = Release|Any CPU
		{28730BC1-EB79-05BD-6E63-C69E9D5F4359}.Debug|Any CPU.ActiveCfg = Debug|Any CPU
		{28730BC1-EB79-05BD-6E63-C69E9D5F4359}.Debug|Any CPU.Build.0 = Debug|Any CPU
		{28730BC1-EB79-05BD-6E63-C69E9D5F4359}.Release|Any CPU.ActiveCfg = Release|Any CPU
		{28730BC1-EB79-05BD-6E63-C69E9D5F4359}.Release|Any CPU.Build.0 = Release|Any CPU
		{5CEDCB0D-03E3-3670-5CD7-76AA6D4435CE}.Debug|Any CPU.ActiveCfg = Debug|Any CPU
		{5CEDCB0D-03E3-3670-5CD7-76AA6D4435CE}.Debug|Any CPU.Build.0 = Debug|Any CPU
		{5CEDCB0D-03E3-3670-5CD7-76AA6D4435CE}.Release|Any CPU.ActiveCfg = Release|Any CPU
		{5CEDCB0D-03E3-3670-5CD7-76AA6D4435CE}.Release|Any CPU.Build.0 = Release|Any CPU
		{16D2F07D-DE14-3DC6-DE32-60C48B5D56A3}.Debug|Any CPU.ActiveCfg = Debug|Any CPU
		{16D2F07D-DE14-3DC6-DE32-60C48B5D56A3}.Debug|Any CPU.Build.0 = Debug|Any CPU
		{16D2F07D-DE14-3DC6-DE32-60C48B5D56A3}.Release|Any CPU.ActiveCfg = Release|Any CPU
		{16D2F07D-DE14-3DC6-DE32-60C48B5D56A3}.Release|Any CPU.Build.0 = Release|Any CPU
		{8974801F-5CB0-9B45-15E5-51C0963F12C6}.Debug|Any CPU.ActiveCfg = Debug|Any CPU
		{8974801F-5CB0-9B45-15E5-51C0963F12C6}.Debug|Any CPU.Build.0 = Debug|Any CPU
		{8974801F-5CB0-9B45-15E5-51C0963F12C6}.Release|Any CPU.ActiveCfg = Release|Any CPU
		{8974801F-5CB0-9B45-15E5-51C0963F12C6}.Release|Any CPU.Build.0 = Release|Any CPU
		{CA66024B-2F2B-3238-E03C-160057DE7C56}.Debug|Any CPU.ActiveCfg = Debug|Any CPU
		{CA66024B-2F2B-3238-E03C-160057DE7C56}.Debug|Any CPU.Build.0 = Debug|Any CPU
		{CA66024B-2F2B-3238-E03C-160057DE7C56}.Release|Any CPU.ActiveCfg = Release|Any CPU
		{CA66024B-2F2B-3238-E03C-160057DE7C56}.Release|Any CPU.Build.0 = Release|Any CPU
		{59722099-CD2C-E2D6-B7EF-BC86D90EF745}.Debug|Any CPU.ActiveCfg = Debug|Any CPU
		{59722099-CD2C-E2D6-B7EF-BC86D90EF745}.Debug|Any CPU.Build.0 = Debug|Any CPU
		{59722099-CD2C-E2D6-B7EF-BC86D90EF745}.Release|Any CPU.ActiveCfg = Release|Any CPU
		{59722099-CD2C-E2D6-B7EF-BC86D90EF745}.Release|Any CPU.Build.0 = Release|Any CPU
		{B2057AA2-041A-51CD-9A5A-9B15C80821B4}.Debug|Any CPU.ActiveCfg = Debug|Any CPU
		{B2057AA2-041A-51CD-9A5A-9B15C80821B4}.Debug|Any CPU.Build.0 = Debug|Any CPU
		{B2057AA2-041A-51CD-9A5A-9B15C80821B4}.Release|Any CPU.ActiveCfg = Release|Any CPU
		{B2057AA2-041A-51CD-9A5A-9B15C80821B4}.Release|Any CPU.Build.0 = Release|Any CPU
		{25C8CA22-A67A-9F3B-768B-3658107A4776}.Debug|Any CPU.ActiveCfg = Debug|Any CPU
		{25C8CA22-A67A-9F3B-768B-3658107A4776}.Debug|Any CPU.Build.0 = Debug|Any CPU
		{25C8CA22-A67A-9F3B-768B-3658107A4776}.Release|Any CPU.ActiveCfg = Release|Any CPU
		{25C8CA22-A67A-9F3B-768B-3658107A4776}.Release|Any CPU.Build.0 = Release|Any CPU
		{326AA2EB-0428-A251-0259-9A44AD50C6FA}.Debug|Any CPU.ActiveCfg = Debug|Any CPU
		{326AA2EB-0428-A251-0259-9A44AD50C6FA}.Debug|Any CPU.Build.0 = Debug|Any CPU
		{326AA2EB-0428-A251-0259-9A44AD50C6FA}.Release|Any CPU.ActiveCfg = Release|Any CPU
		{326AA2EB-0428-A251-0259-9A44AD50C6FA}.Release|Any CPU.Build.0 = Release|Any CPU
		{7EAD40D1-A0D6-F9B9-9807-56FCEE1EF581}.Debug|Any CPU.ActiveCfg = Debug|Any CPU
		{7EAD40D1-A0D6-F9B9-9807-56FCEE1EF581}.Debug|Any CPU.Build.0 = Debug|Any CPU
		{7EAD40D1-A0D6-F9B9-9807-56FCEE1EF581}.Release|Any CPU.ActiveCfg = Release|Any CPU
		{7EAD40D1-A0D6-F9B9-9807-56FCEE1EF581}.Release|Any CPU.Build.0 = Release|Any CPU
		{C44056C5-A3CE-D9B1-FC4D-20239A68F36C}.Debug|Any CPU.ActiveCfg = Debug|Any CPU
		{C44056C5-A3CE-D9B1-FC4D-20239A68F36C}.Debug|Any CPU.Build.0 = Debug|Any CPU
		{C44056C5-A3CE-D9B1-FC4D-20239A68F36C}.Release|Any CPU.ActiveCfg = Release|Any CPU
		{C44056C5-A3CE-D9B1-FC4D-20239A68F36C}.Release|Any CPU.Build.0 = Release|Any CPU
		{37AFB40C-BD91-2050-4895-1F6BDC7B0717}.Debug|Any CPU.ActiveCfg = Debug|Any CPU
		{37AFB40C-BD91-2050-4895-1F6BDC7B0717}.Debug|Any CPU.Build.0 = Debug|Any CPU
		{37AFB40C-BD91-2050-4895-1F6BDC7B0717}.Release|Any CPU.ActiveCfg = Release|Any CPU
		{37AFB40C-BD91-2050-4895-1F6BDC7B0717}.Release|Any CPU.Build.0 = Release|Any CPU
		{6568BE0F-AEC6-8A9E-2473-1BEADC631B19}.Debug|Any CPU.ActiveCfg = Debug|Any CPU
		{6568BE0F-AEC6-8A9E-2473-1BEADC631B19}.Debug|Any CPU.Build.0 = Debug|Any CPU
		{6568BE0F-AEC6-8A9E-2473-1BEADC631B19}.Release|Any CPU.ActiveCfg = Release|Any CPU
		{6568BE0F-AEC6-8A9E-2473-1BEADC631B19}.Release|Any CPU.Build.0 = Release|Any CPU
		{04B057B6-774B-BD90-E1BE-18CFCB1309AA}.Debug|Any CPU.ActiveCfg = Debug|Any CPU
		{04B057B6-774B-BD90-E1BE-18CFCB1309AA}.Debug|Any CPU.Build.0 = Debug|Any CPU
		{04B057B6-774B-BD90-E1BE-18CFCB1309AA}.Release|Any CPU.ActiveCfg = Release|Any CPU
		{04B057B6-774B-BD90-E1BE-18CFCB1309AA}.Release|Any CPU.Build.0 = Release|Any CPU
		{E5991F35-5BD7-890B-CC70-F74922DA6681}.Debug|Any CPU.ActiveCfg = Debug|Any CPU
		{E5991F35-5BD7-890B-CC70-F74922DA6681}.Debug|Any CPU.Build.0 = Debug|Any CPU
		{E5991F35-5BD7-890B-CC70-F74922DA6681}.Release|Any CPU.ActiveCfg = Release|Any CPU
		{E5991F35-5BD7-890B-CC70-F74922DA6681}.Release|Any CPU.Build.0 = Release|Any CPU
		{7A34FEAD-A466-F09B-EB73-F1291ABA9B4C}.Debug|Any CPU.ActiveCfg = Debug|Any CPU
		{7A34FEAD-A466-F09B-EB73-F1291ABA9B4C}.Debug|Any CPU.Build.0 = Debug|Any CPU
		{7A34FEAD-A466-F09B-EB73-F1291ABA9B4C}.Release|Any CPU.ActiveCfg = Release|Any CPU
		{7A34FEAD-A466-F09B-EB73-F1291ABA9B4C}.Release|Any CPU.Build.0 = Release|Any CPU
		{D82D4FA7-DA98-02B7-2516-DE6631ED5898}.Debug|Any CPU.ActiveCfg = Debug|Any CPU
		{D82D4FA7-DA98-02B7-2516-DE6631ED5898}.Debug|Any CPU.Build.0 = Debug|Any CPU
		{D82D4FA7-DA98-02B7-2516-DE6631ED5898}.Release|Any CPU.ActiveCfg = Release|Any CPU
		{D82D4FA7-DA98-02B7-2516-DE6631ED5898}.Release|Any CPU.Build.0 = Release|Any CPU
		{AE420C11-863B-B724-F1CB-74A2F988490B}.Debug|Any CPU.ActiveCfg = Debug|Any CPU
		{AE420C11-863B-B724-F1CB-74A2F988490B}.Debug|Any CPU.Build.0 = Debug|Any CPU
		{AE420C11-863B-B724-F1CB-74A2F988490B}.Release|Any CPU.ActiveCfg = Release|Any CPU
		{AE420C11-863B-B724-F1CB-74A2F988490B}.Release|Any CPU.Build.0 = Release|Any CPU
		{64A755B4-8098-6C38-D3BB-7FBFF501F37A}.Debug|Any CPU.ActiveCfg = Debug|Any CPU
		{64A755B4-8098-6C38-D3BB-7FBFF501F37A}.Debug|Any CPU.Build.0 = Debug|Any CPU
		{64A755B4-8098-6C38-D3BB-7FBFF501F37A}.Release|Any CPU.ActiveCfg = Release|Any CPU
		{64A755B4-8098-6C38-D3BB-7FBFF501F37A}.Release|Any CPU.Build.0 = Release|Any CPU
		{6883D683-9C6A-5739-6D1A-4B915D6BFD0F}.Debug|Any CPU.ActiveCfg = Debug|Any CPU
		{6883D683-9C6A-5739-6D1A-4B915D6BFD0F}.Debug|Any CPU.Build.0 = Debug|Any CPU
		{6883D683-9C6A-5739-6D1A-4B915D6BFD0F}.Release|Any CPU.ActiveCfg = Release|Any CPU
		{6883D683-9C6A-5739-6D1A-4B915D6BFD0F}.Release|Any CPU.Build.0 = Release|Any CPU
		{F514780E-81C3-06BF-BB2B-03AD3590BC15}.Debug|Any CPU.ActiveCfg = Debug|Any CPU
		{F514780E-81C3-06BF-BB2B-03AD3590BC15}.Debug|Any CPU.Build.0 = Debug|Any CPU
		{F514780E-81C3-06BF-BB2B-03AD3590BC15}.Release|Any CPU.ActiveCfg = Release|Any CPU
		{F514780E-81C3-06BF-BB2B-03AD3590BC15}.Release|Any CPU.Build.0 = Release|Any CPU
		{57280E51-630B-6E08-543F-543392BBA5E2}.Debug|Any CPU.ActiveCfg = Debug|Any CPU
		{57280E51-630B-6E08-543F-543392BBA5E2}.Debug|Any CPU.Build.0 = Debug|Any CPU
		{57280E51-630B-6E08-543F-543392BBA5E2}.Release|Any CPU.ActiveCfg = Release|Any CPU
		{57280E51-630B-6E08-543F-543392BBA5E2}.Release|Any CPU.Build.0 = Release|Any CPU
		{9E77F8A5-E96D-4992-654D-B68558BC7631}.Debug|Any CPU.ActiveCfg = Debug|Any CPU
		{9E77F8A5-E96D-4992-654D-B68558BC7631}.Debug|Any CPU.Build.0 = Debug|Any CPU
		{9E77F8A5-E96D-4992-654D-B68558BC7631}.Release|Any CPU.ActiveCfg = Release|Any CPU
		{9E77F8A5-E96D-4992-654D-B68558BC7631}.Release|Any CPU.Build.0 = Release|Any CPU
		{40582BCB-58BE-F002-9C54-256FAB5795C8}.Debug|Any CPU.ActiveCfg = Debug|Any CPU
		{40582BCB-58BE-F002-9C54-256FAB5795C8}.Debug|Any CPU.Build.0 = Debug|Any CPU
		{40582BCB-58BE-F002-9C54-256FAB5795C8}.Release|Any CPU.ActiveCfg = Release|Any CPU
		{40582BCB-58BE-F002-9C54-256FAB5795C8}.Release|Any CPU.Build.0 = Release|Any CPU
		{C6E8FA85-078F-C066-D435-D3D347C52F9B}.Debug|Any CPU.ActiveCfg = Debug|Any CPU
		{C6E8FA85-078F-C066-D435-D3D347C52F9B}.Debug|Any CPU.Build.0 = Debug|Any CPU
		{C6E8FA85-078F-C066-D435-D3D347C52F9B}.Release|Any CPU.ActiveCfg = Release|Any CPU
		{C6E8FA85-078F-C066-D435-D3D347C52F9B}.Release|Any CPU.Build.0 = Release|Any CPU
		{F9970E50-3327-1DBE-957F-FB09AADCE0EC}.Debug|Any CPU.ActiveCfg = Debug|Any CPU
		{F9970E50-3327-1DBE-957F-FB09AADCE0EC}.Debug|Any CPU.Build.0 = Debug|Any CPU
		{F9970E50-3327-1DBE-957F-FB09AADCE0EC}.Release|Any CPU.ActiveCfg = Release|Any CPU
		{F9970E50-3327-1DBE-957F-FB09AADCE0EC}.Release|Any CPU.Build.0 = Release|Any CPU
		{E767F02B-390E-C24A-24EF-2731F83A87FA}.Debug|Any CPU.ActiveCfg = Debug|Any CPU
		{E767F02B-390E-C24A-24EF-2731F83A87FA}.Debug|Any CPU.Build.0 = Debug|Any CPU
		{E767F02B-390E-C24A-24EF-2731F83A87FA}.Release|Any CPU.ActiveCfg = Release|Any CPU
		{E767F02B-390E-C24A-24EF-2731F83A87FA}.Release|Any CPU.Build.0 = Release|Any CPU
		{349CD00E-9FB5-4630-F1E9-DA7059C3DF94}.Debug|Any CPU.ActiveCfg = Debug|Any CPU
		{349CD00E-9FB5-4630-F1E9-DA7059C3DF94}.Debug|Any CPU.Build.0 = Debug|Any CPU
		{349CD00E-9FB5-4630-F1E9-DA7059C3DF94}.Release|Any CPU.ActiveCfg = Release|Any CPU
		{349CD00E-9FB5-4630-F1E9-DA7059C3DF94}.Release|Any CPU.Build.0 = Release|Any CPU
		{790DA643-63A7-0C1E-4ED1-3BCEB9FC5940}.Debug|Any CPU.ActiveCfg = Debug|Any CPU
		{790DA643-63A7-0C1E-4ED1-3BCEB9FC5940}.Debug|Any CPU.Build.0 = Debug|Any CPU
		{790DA643-63A7-0C1E-4ED1-3BCEB9FC5940}.Release|Any CPU.ActiveCfg = Release|Any CPU
		{790DA643-63A7-0C1E-4ED1-3BCEB9FC5940}.Release|Any CPU.Build.0 = Release|Any CPU
		{721FA9C5-2E93-26C1-A811-CF57146C264D}.Debug|Any CPU.ActiveCfg = Debug|Any CPU
		{721FA9C5-2E93-26C1-A811-CF57146C264D}.Debug|Any CPU.Build.0 = Debug|Any CPU
		{721FA9C5-2E93-26C1-A811-CF57146C264D}.Release|Any CPU.ActiveCfg = Release|Any CPU
		{721FA9C5-2E93-26C1-A811-CF57146C264D}.Release|Any CPU.Build.0 = Release|Any CPU
		{34A5050F-63A0-CACB-E193-76E40341EC1C}.Debug|Any CPU.ActiveCfg = Debug|Any CPU
		{34A5050F-63A0-CACB-E193-76E40341EC1C}.Debug|Any CPU.Build.0 = Debug|Any CPU
		{34A5050F-63A0-CACB-E193-76E40341EC1C}.Release|Any CPU.ActiveCfg = Release|Any CPU
		{34A5050F-63A0-CACB-E193-76E40341EC1C}.Release|Any CPU.Build.0 = Release|Any CPU
		{6C509625-FE59-8C7E-1311-9344E15D8CFC}.Debug|Any CPU.ActiveCfg = Debug|Any CPU
		{6C509625-FE59-8C7E-1311-9344E15D8CFC}.Debug|Any CPU.Build.0 = Debug|Any CPU
		{6C509625-FE59-8C7E-1311-9344E15D8CFC}.Release|Any CPU.ActiveCfg = Release|Any CPU
		{6C509625-FE59-8C7E-1311-9344E15D8CFC}.Release|Any CPU.Build.0 = Release|Any CPU
		{95D77947-8149-D0D7-487A-9EA248ED89D2}.Debug|Any CPU.ActiveCfg = Debug|Any CPU
		{95D77947-8149-D0D7-487A-9EA248ED89D2}.Debug|Any CPU.Build.0 = Debug|Any CPU
		{95D77947-8149-D0D7-487A-9EA248ED89D2}.Release|Any CPU.ActiveCfg = Release|Any CPU
		{95D77947-8149-D0D7-487A-9EA248ED89D2}.Release|Any CPU.Build.0 = Release|Any CPU
		{0D1E4A73-C7D2-A810-D6F4-D60BB9DD9C15}.Debug|Any CPU.ActiveCfg = Debug|Any CPU
		{0D1E4A73-C7D2-A810-D6F4-D60BB9DD9C15}.Debug|Any CPU.Build.0 = Debug|Any CPU
		{0D1E4A73-C7D2-A810-D6F4-D60BB9DD9C15}.Release|Any CPU.ActiveCfg = Release|Any CPU
		{0D1E4A73-C7D2-A810-D6F4-D60BB9DD9C15}.Release|Any CPU.Build.0 = Release|Any CPU
		{3DEC8C62-81BC-3CC7-65B7-93740DB01B8F}.Debug|Any CPU.ActiveCfg = Debug|Any CPU
		{3DEC8C62-81BC-3CC7-65B7-93740DB01B8F}.Debug|Any CPU.Build.0 = Debug|Any CPU
		{3DEC8C62-81BC-3CC7-65B7-93740DB01B8F}.Release|Any CPU.ActiveCfg = Release|Any CPU
		{3DEC8C62-81BC-3CC7-65B7-93740DB01B8F}.Release|Any CPU.Build.0 = Release|Any CPU
	EndGlobalSection
	GlobalSection(SolutionProperties) = preSolution
		HideSolutionNode = FALSE
	EndGlobalSection
EndGlobal
